
Microsoft Visual Studio Solution File, Format Version 12.00
# Visual Studio Version 17
VisualStudioVersion = 17.3.32929.385
MinimumVisualStudioVersion = 10.0.40219.1
Project("{FAE04EC0-301F-11D3-BF4B-00C04F79EFBC}") = "GitEasyPushAll", "GitEasyPushAll.csproj", "{40299BC2-FD04-42FA-8792-2F3C366952F2}"
EndProject
Global
	GlobalSection(SolutionConfigurationPlatforms) = preSolution
		Debug|Any CPU = Debug|Any CPU
		Release|Any CPU = Release|Any CPU
	EndGlobalSection
	GlobalSection(ProjectConfigurationPlatforms) = postSolution
		{40299BC2-FD04-42FA-8792-2F3C366952F2}.Debug|Any CPU.ActiveCfg = Debug|Any CPU
		{40299BC2-FD04-42FA-8792-2F3C366952F2}.Debug|Any CPU.Build.0 = Debug|Any CPU
		{40299BC2-FD04-42FA-8792-2F3C366952F2}.Release|Any CPU.ActiveCfg = Release|Any CPU
		{40299BC2-FD04-42FA-8792-2F3C366952F2}.Release|Any CPU.Build.0 = Release|Any CPU
	EndGlobalSection
	GlobalSection(SolutionProperties) = preSolution
		HideSolutionNode = FALSE
	EndGlobalSection
	GlobalSection(ExtensibilityGlobals) = postSolution
		SolutionGuid = {017D241D-6F3F-4708-80A8-34F50DD86DEC}
	EndGlobalSection
EndGlobal
